
Microsoft Visual Studio Solution File, Format Version 12.00
# Visual Studio Version 17
VisualStudioVersion = 17.13.35806.99 d17.13
MinimumVisualStudioVersion = 10.0.40219.1
Project("{FAE04EC0-301F-11D3-BF4B-00C04F79EFBC}") = "VotingSystem.API", "VotingSystem.API\VotingSystem.API.csproj", "{A48FFE09-AFA3-458A-86AC-FF25FC1DBEBD}"
EndProject
Global
	GlobalSection(SolutionConfigurationPlatforms) = preSolution
		Debug|Any CPU = Debug|Any CPU
		Release|Any CPU = Release|Any CPU
	EndGlobalSection
	GlobalSection(ProjectConfigurationPlatforms) = postSolution
		{A48FFE09-AFA3-458A-86AC-FF25FC1DBEBD}.Debug|Any CPU.ActiveCfg = Debug|Any CPU
		{A48FFE09-AFA3-458A-86AC-FF25FC1DBEBD}.Debug|Any CPU.Build.0 = Debug|Any CPU
		{A48FFE09-AFA3-458A-86AC-FF25FC1DBEBD}.Release|Any CPU.ActiveCfg = Release|Any CPU
		{A48FFE09-AFA3-458A-86AC-FF25FC1DBEBD}.Release|Any CPU.Build.0 = Release|Any CPU
	EndGlobalSection
	GlobalSection(SolutionProperties) = preSolution
		HideSolutionNode = FALSE
	EndGlobalSection
	GlobalSection(ExtensibilityGlobals) = postSolution
		SolutionGuid = {C5E6C660-36A9-4E6E-8C5F-1150CCAA85EC}
	EndGlobalSection
EndGlobal
